
Microsoft Visual Studio Solution File, Format Version 12.00
# Visual Studio Version 17
VisualStudioVersion = 17.14.36221.1 d17.14
MinimumVisualStudioVersion = 10.0.40219.1
Project("{FAE04EC0-301F-11D3-BF4B-00C04F79EFBC}") = "FloatScrollViewerDemo", "FloatScrollViewerDemo\FloatScrollViewerDemo.csproj", "{DFF12A68-9856-4BB1-9501-123974519367}"
EndProject
Global
	GlobalSection(SolutionConfigurationPlatforms) = preSolution
		Debug|Any CPU = Debug|Any CPU
		Release|Any CPU = Release|Any CPU
	EndGlobalSection
	GlobalSection(ProjectConfigurationPlatforms) = postSolution
		{DFF12A68-9856-4BB1-9501-123974519367}.Debug|Any CPU.ActiveCfg = Debug|Any CPU
		{DFF12A68-9856-4BB1-9501-123974519367}.Debug|Any CPU.Build.0 = Debug|Any CPU
		{DFF12A68-9856-4BB1-9501-123974519367}.Release|Any CPU.ActiveCfg = Release|Any CPU
		{DFF12A68-9856-4BB1-9501-123974519367}.Release|Any CPU.Build.0 = Release|Any CPU
	EndGlobalSection
	GlobalSection(SolutionProperties) = preSolution
		HideSolutionNode = FALSE
	EndGlobalSection
	GlobalSection(ExtensibilityGlobals) = postSolution
		SolutionGuid = {F768FEBE-C0F1-4A88-8A10-732CE1943FA5}
	EndGlobalSection
EndGlobal
